// !$*UTF8*$!
{
	archiveVersion = 1;
	classes = {
	};
	objectVersion = 55;
	objects = {

/* Begin PBXBuildFile section */
		619E7123270D06C7002EB702 /* AppDelegate.swift in Sources */ = {isa = PBXBuildFile; fileRef = 619E7122270D06C7002EB702 /* AppDelegate.swift */; };
		619E7125270D06C7002EB702 /* SceneDelegate.swift in Sources */ = {isa = PBXBuildFile; fileRef = 619E7124270D06C7002EB702 /* SceneDelegate.swift */; };
		619E7127270D06C7002EB702 /* ViewController.swift in Sources */ = {isa = PBXBuildFile; fileRef = 619E7126270D06C7002EB702 /* ViewController.swift */; };
		619E712C270D06C9002EB702 /* Assets.xcassets in Resources */ = {isa = PBXBuildFile; fileRef = 619E712B270D06C9002EB702 /* Assets.xcassets */; };
		619E7139270D0818002EB702 /* HomeViewController.swift in Sources */ = {isa = PBXBuildFile; fileRef = 619E7138270D0818002EB702 /* HomeViewController.swift */; };
		619E713C270DCA07002EB702 /* UIImage+.swift in Sources */ = {isa = PBXBuildFile; fileRef = 619E713B270DCA07002EB702 /* UIImage+.swift */; };
		619E713E270DCED1002EB702 /* HomeContentView.swift in Sources */ = {isa = PBXBuildFile; fileRef = 619E713D270DCED1002EB702 /* HomeContentView.swift */; };
		619E7148270DD28B002EB702 /* BrushButtonView.swift in Sources */ = {isa = PBXBuildFile; fileRef = 619E7147270DD28B002EB702 /* BrushButtonView.swift */; };
		619E714B270DD301002EB702 /* SnapKit in Frameworks */ = {isa = PBXBuildFile; productRef = 619E714A270DD301002EB702 /* SnapKit */; };
		619E714D270DE6FD002EB702 /* UIColor+.swift in Sources */ = {isa = PBXBuildFile; fileRef = 619E714C270DE6FD002EB702 /* UIColor+.swift */; };
/* End PBXBuildFile section */

/* Begin PBXFileReference section */
		619E711F270D06C7002EB702 /* wall-paint.app */ = {isa = PBXFileReference; explicitFileType = wrapper.application; includeInIndex = 0; path = "wall-paint.app"; sourceTree = BUILT_PRODUCTS_DIR; };
		619E7122270D06C7002EB702 /* AppDelegate.swift */ = {isa = PBXFileReference; lastKnownFileType = sourcecode.swift; path = AppDelegate.swift; sourceTree = "<group>"; };
		619E7124270D06C7002EB702 /* SceneDelegate.swift */ = {isa = PBXFileReference; lastKnownFileType = sourcecode.swift; path = SceneDelegate.swift; sourceTree = "<group>"; };
		619E7126270D06C7002EB702 /* ViewController.swift */ = {isa = PBXFileReference; lastKnownFileType = sourcecode.swift; path = ViewController.swift; sourceTree = "<group>"; };
		619E712B270D06C9002EB702 /* Assets.xcassets */ = {isa = PBXFileReference; lastKnownFileType = folder.assetcatalog; path = Assets.xcassets; sourceTree = "<group>"; };
		619E7130270D06C9002EB702 /* Info.plist */ = {isa = PBXFileReference; lastKnownFileType = text.plist.xml; path = Info.plist; sourceTree = "<group>"; };
		619E7138270D0818002EB702 /* HomeViewController.swift */ = {isa = PBXFileReference; lastKnownFileType = sourcecode.swift; path = HomeViewController.swift; sourceTree = "<group>"; };
		619E713B270DCA07002EB702 /* UIImage+.swift */ = {isa = PBXFileReference; lastKnownFileType = sourcecode.swift; path = "UIImage+.swift"; sourceTree = "<group>"; };
		619E713D270DCED1002EB702 /* HomeContentView.swift */ = {isa = PBXFileReference; lastKnownFileType = sourcecode.swift; path = HomeContentView.swift; sourceTree = "<group>"; };
		619E7147270DD28B002EB702 /* BrushButtonView.swift */ = {isa = PBXFileReference; lastKnownFileType = sourcecode.swift; path = BrushButtonView.swift; sourceTree = "<group>"; };
		619E714C270DE6FD002EB702 /* UIColor+.swift */ = {isa = PBXFileReference; lastKnownFileType = sourcecode.swift; path = "UIColor+.swift"; sourceTree = "<group>"; };
/* End PBXFileReference section */

/* Begin PBXFrameworksBuildPhase section */
		619E711C270D06C7002EB702 /* Frameworks */ = {
			isa = PBXFrameworksBuildPhase;
			buildActionMask = 2147483647;
			files = (
				619E714B270DD301002EB702 /* SnapKit in Frameworks */,
			);
			runOnlyForDeploymentPostprocessing = 0;
		};
/* End PBXFrameworksBuildPhase section */

/* Begin PBXGroup section */
		619E7116270D06C7002EB702 = {
			isa = PBXGroup;
			children = (
				619E7121270D06C7002EB702 /* wall-paint */,
				619E7120270D06C7002EB702 /* Products */,
			);
			sourceTree = "<group>";
		};
		619E7120270D06C7002EB702 /* Products */ = {
			isa = PBXGroup;
			children = (
				619E711F270D06C7002EB702 /* wall-paint.app */,
			);
			name = Products;
			sourceTree = "<group>";
		};
		619E7121270D06C7002EB702 /* wall-paint */ = {
			isa = PBXGroup;
			children = (
				619E7122270D06C7002EB702 /* AppDelegate.swift */,
				619E7124270D06C7002EB702 /* SceneDelegate.swift */,
				619E7126270D06C7002EB702 /* ViewController.swift */,
				619E7136270D07EF002EB702 /* Views */,
				619E713A270DC9E9002EB702 /* Extensions */,
				619E712B270D06C9002EB702 /* Assets.xcassets */,
				619E7130270D06C9002EB702 /* Info.plist */,
			);
			path = "wall-paint";
			sourceTree = "<group>";
		};
		619E7136270D07EF002EB702 /* Views */ = {
			isa = PBXGroup;
			children = (
				619E7137270D07FD002EB702 /* Home */,
			);
			path = Views;
			sourceTree = "<group>";
		};
		619E7137270D07FD002EB702 /* Home */ = {
			isa = PBXGroup;
			children = (
				619E7138270D0818002EB702 /* HomeViewController.swift */,
				619E713D270DCED1002EB702 /* HomeContentView.swift */,
				619E7147270DD28B002EB702 /* BrushButtonView.swift */,
			);
			path = Home;
			sourceTree = "<group>";
		};
		619E713A270DC9E9002EB702 /* Extensions */ = {
			isa = PBXGroup;
			children = (
				619E714C270DE6FD002EB702 /* UIColor+.swift */,
				619E713B270DCA07002EB702 /* UIImage+.swift */,
			);
			path = Extensions;
			sourceTree = "<group>";
		};
/* End PBXGroup section */

/* Begin PBXNativeTarget section */
		619E711E270D06C7002EB702 /* wall-paint */ = {
			isa = PBXNativeTarget;
			buildConfigurationList = 619E7133270D06C9002EB702 /* Build configuration list for PBXNativeTarget "wall-paint" */;
			buildPhases = (
				619E711B270D06C7002EB702 /* Sources */,
				619E711C270D06C7002EB702 /* Frameworks */,
				619E711D270D06C7002EB702 /* Resources */,
			);
			buildRules = (
			);
			dependencies = (
			);
			name = "wall-paint";
			packageProductDependencies = (
				619E714A270DD301002EB702 /* SnapKit */,
			);
			productName = "wall-paint";
			productReference = 619E711F270D06C7002EB702 /* wall-paint.app */;
			productType = "com.apple.product-type.application";
		};
/* End PBXNativeTarget section */

/* Begin PBXProject section */
		619E7117270D06C7002EB702 /* Project object */ = {
			isa = PBXProject;
			attributes = {
				BuildIndependentTargetsInParallel = 1;
				LastSwiftUpdateCheck = 1300;
				LastUpgradeCheck = 1300;
				TargetAttributes = {
					619E711E270D06C7002EB702 = {
						CreatedOnToolsVersion = 13.0;
					};
				};
			};
			buildConfigurationList = 619E711A270D06C7002EB702 /* Build configuration list for PBXProject "wall-paint" */;
			compatibilityVersion = "Xcode 13.0";
			developmentRegion = en;
			hasScannedForEncodings = 0;
			knownRegions = (
				en,
				Base,
			);
			mainGroup = 619E7116270D06C7002EB702;
			packageReferences = (
				619E7149270DD301002EB702 /* XCRemoteSwiftPackageReference "SnapKit" */,
			);
			productRefGroup = 619E7120270D06C7002EB702 /* Products */;
			projectDirPath = "";
			projectRoot = "";
			targets = (
				619E711E270D06C7002EB702 /* wall-paint */,
			);
		};
/* End PBXProject section */

/* Begin PBXResourcesBuildPhase section */
		619E711D270D06C7002EB702 /* Resources */ = {
			isa = PBXResourcesBuildPhase;
			buildActionMask = 2147483647;
			files = (
				619E712C270D06C9002EB702 /* Assets.xcassets in Resources */,
			);
			runOnlyForDeploymentPostprocessing = 0;
		};
/* End PBXResourcesBuildPhase section */

/* Begin PBXSourcesBuildPhase section */
		619E711B270D06C7002EB702 /* Sources */ = {
			isa = PBXSourcesBuildPhase;
			buildActionMask = 2147483647;
			files = (
				619E7127270D06C7002EB702 /* ViewController.swift in Sources */,
				619E7123270D06C7002EB702 /* AppDelegate.swift in Sources */,
				619E7148270DD28B002EB702 /* BrushButtonView.swift in Sources */,
				619E713C270DCA07002EB702 /* UIImage+.swift in Sources */,
				619E713E270DCED1002EB702 /* HomeContentView.swift in Sources */,
				619E714D270DE6FD002EB702 /* UIColor+.swift in Sources */,
				619E7125270D06C7002EB702 /* SceneDelegate.swift in Sources */,
				619E7139270D0818002EB702 /* HomeViewController.swift in Sources */,
			);
			runOnlyForDeploymentPostprocessing = 0;
		};
/* End PBXSourcesBuildPhase section */

/* Begin XCBuildConfiguration section */
		619E7131270D06C9002EB702 /* Debug */ = {
			isa = XCBuildConfiguration;
			buildSettings = {
				ALWAYS_SEARCH_USER_PATHS = NO;
				CLANG_ANALYZER_NONNULL = YES;
				CLANG_ANALYZER_NUMBER_OBJECT_CONVERSION = YES_AGGRESSIVE;
				CLANG_CXX_LANGUAGE_STANDARD = "gnu++17";
				CLANG_CXX_LIBRARY = "libc++";
				CLANG_ENABLE_MODULES = YES;
				CLANG_ENABLE_OBJC_ARC = YES;
				CLANG_ENABLE_OBJC_WEAK = YES;
				CLANG_WARN_BLOCK_CAPTURE_AUTORELEASING = YES;
				CLANG_WARN_BOOL_CONVERSION = YES;
				CLANG_WARN_COMMA = YES;
				CLANG_WARN_CONSTANT_CONVERSION = YES;
				CLANG_WARN_DEPRECATED_OBJC_IMPLEMENTATIONS = YES;
				CLANG_WARN_DIRECT_OBJC_ISA_USAGE = YES_ERROR;
				CLANG_WARN_DOCUMENTATION_COMMENTS = YES;
				CLANG_WARN_EMPTY_BODY = YES;
				CLANG_WARN_ENUM_CONVERSION = YES;
				CLANG_WARN_INFINITE_RECURSION = YES;
				CLANG_WARN_INT_CONVERSION = YES;
				CLANG_WARN_NON_LITERAL_NULL_CONVERSION = YES;
				CLANG_WARN_OBJC_IMPLICIT_RETAIN_SELF = YES;
				CLANG_WARN_OBJC_LITERAL_CONVERSION = YES;
				CLANG_WARN_OBJC_ROOT_CLASS = YES_ERROR;
				CLANG_WARN_QUOTED_INCLUDE_IN_FRAMEWORK_HEADER = YES;
				CLANG_WARN_RANGE_LOOP_ANALYSIS = YES;
				CLANG_WARN_STRICT_PROTOTYPES = YES;
				CLANG_WARN_SUSPICIOUS_MOVE = YES;
				CLANG_WARN_UNGUARDED_AVAILABILITY = YES_AGGRESSIVE;
				CLANG_WARN_UNREACHABLE_CODE = YES;
				CLANG_WARN__DUPLICATE_METHOD_MATCH = YES;
				COPY_PHASE_STRIP = NO;
				DEBUG_INFORMATION_FORMAT = dwarf;
				ENABLE_STRICT_OBJC_MSGSEND = YES;
				ENABLE_TESTABILITY = YES;
				GCC_C_LANGUAGE_STANDARD = gnu11;
				GCC_DYNAMIC_NO_PIC = NO;
				GCC_NO_COMMON_BLOCKS = YES;
				GCC_OPTIMIZATION_LEVEL = 0;
				GCC_PREPROCESSOR_DEFINITIONS = (
					"DEBUG=1",
					"$(inherited)",
				);
				GCC_WARN_64_TO_32_BIT_CONVERSION = YES;
				GCC_WARN_ABOUT_RETURN_TYPE = YES_ERROR;
				GCC_WARN_UNDECLARED_SELECTOR = YES;
				GCC_WARN_UNINITIALIZED_AUTOS = YES_AGGRESSIVE;
				GCC_WARN_UNUSED_FUNCTION = YES;
				GCC_WARN_UNUSED_VARIABLE = YES;
				IPHONEOS_DEPLOYMENT_TARGET = 15.0;
				MTL_ENABLE_DEBUG_INFO = INCLUDE_SOURCE;
				MTL_FAST_MATH = YES;
				ONLY_ACTIVE_ARCH = YES;
				SDKROOT = iphoneos;
				SWIFT_ACTIVE_COMPILATION_CONDITIONS = DEBUG;
				SWIFT_OPTIMIZATION_LEVEL = "-Onone";
			};
			name = Debug;
		};
		619E7132270D06C9002EB702 /* Release */ = {
			isa = XCBuildConfiguration;
			buildSettings = {
				ALWAYS_SEARCH_USER_PATHS = NO;
				CLANG_ANALYZER_NONNULL = YES;
				CLANG_ANALYZER_NUMBER_OBJECT_CONVERSION = YES_AGGRESSIVE;
				CLANG_CXX_LANGUAGE_STANDARD = "gnu++17";
				CLANG_CXX_LIBRARY = "libc++";
				CLANG_ENABLE_MODULES = YES;
				CLANG_ENABLE_OBJC_ARC = YES;
				CLANG_ENABLE_OBJC_WEAK = YES;
				CLANG_WARN_BLOCK_CAPTURE_AUTORELEASING = YES;
				CLANG_WARN_BOOL_CONVERSION = YES;
				CLANG_WARN_COMMA = YES;
				CLANG_WARN_CONSTANT_CONVERSION = YES;
				CLANG_WARN_DEPRECATED_OBJC_IMPLEMENTATIONS = YES;
				CLANG_WARN_DIRECT_OBJC_ISA_USAGE = YES_ERROR;
				CLANG_WARN_DOCUMENTATION_COMMENTS = YES;
				CLANG_WARN_EMPTY_BODY = YES;
				CLANG_WARN_ENUM_CONVERSION = YES;
				CLANG_WARN_INFINITE_RECURSION = YES;
				CLANG_WARN_INT_CONVERSION = YES;
				CLANG_WARN_NON_LITERAL_NULL_CONVERSION = YES;
				CLANG_WARN_OBJC_IMPLICIT_RETAIN_SELF = YES;
				CLANG_WARN_OBJC_LITERAL_CONVERSION = YES;
				CLANG_WARN_OBJC_ROOT_CLASS = YES_ERROR;
				CLANG_WARN_QUOTED_INCLUDE_IN_FRAMEWORK_HEADER = YES;
				CLANG_WARN_RANGE_LOOP_ANALYSIS = YES;
				CLANG_WARN_STRICT_PROTOTYPES = YES;
				CLANG_WARN_SUSPICIOUS_MOVE = YES;
				CLANG_WARN_UNGUARDED_AVAILABILITY = YES_AGGRESSIVE;
				CLANG_WARN_UNREACHABLE_CODE = YES;
				CLANG_WARN__DUPLICATE_METHOD_MATCH = YES;
				COPY_PHASE_STRIP = NO;
				DEBUG_INFORMATION_FORMAT = "dwarf-with-dsym";
				ENABLE_NS_ASSERTIONS = NO;
				ENABLE_STRICT_OBJC_MSGSEND = YES;
				GCC_C_LANGUAGE_STANDARD = gnu11;
				GCC_NO_COMMON_BLOCKS = YES;
				GCC_WARN_64_TO_32_BIT_CONVERSION = YES;
				GCC_WARN_ABOUT_RETURN_TYPE = YES_ERROR;
				GCC_WARN_UNDECLARED_SELECTOR = YES;
				GCC_WARN_UNINITIALIZED_AUTOS = YES_AGGRESSIVE;
				GCC_WARN_UNUSED_FUNCTION = YES;
				GCC_WARN_UNUSED_VARIABLE = YES;
				IPHONEOS_DEPLOYMENT_TARGET = 15.0;
				MTL_ENABLE_DEBUG_INFO = NO;
				MTL_FAST_MATH = YES;
				SDKROOT = iphoneos;
				SWIFT_COMPILATION_MODE = wholemodule;
				SWIFT_OPTIMIZATION_LEVEL = "-O";
				VALIDATE_PRODUCT = YES;
			};
			name = Release;
		};
		619E7134270D06C9002EB702 /* Debug */ = {
			isa = XCBuildConfiguration;
			buildSettings = {
				ASSETCATALOG_COMPILER_APPICON_NAME = AppIcon;
				ASSETCATALOG_COMPILER_GLOBAL_ACCENT_COLOR_NAME = AccentColor;
				CODE_SIGN_STYLE = Automatic;
				CURRENT_PROJECT_VERSION = 1;
				DEVELOPMENT_TEAM = 46LT924HJ5;
				GENERATE_INFOPLIST_FILE = YES;
				INFOPLIST_FILE = "wall-paint/Info.plist";
				INFOPLIST_KEY_UIApplicationSupportsIndirectInputEvents = YES;
				INFOPLIST_KEY_UILaunchStoryboardName = LaunchScreen;
				INFOPLIST_KEY_UISupportedInterfaceOrientations_iPad = "UIInterfaceOrientationPortrait UIInterfaceOrientationPortraitUpsideDown UIInterfaceOrientationLandscapeLeft UIInterfaceOrientationLandscapeRight";
				INFOPLIST_KEY_UISupportedInterfaceOrientations_iPhone = "UIInterfaceOrientationPortrait UIInterfaceOrientationLandscapeLeft UIInterfaceOrientationLandscapeRight";
				LD_RUNPATH_SEARCH_PATHS = (
					"$(inherited)",
					"@executable_path/Frameworks",
				);
				MARKETING_VERSION = 1.0;
				PRODUCT_BUNDLE_IDENTIFIER = "andre.wall-paint";
				PRODUCT_NAME = "$(TARGET_NAME)";
				SWIFT_EMIT_LOC_STRINGS = YES;
				SWIFT_VERSION = 5.0;
				TARGETED_DEVICE_FAMILY = "1,2";
			};
			name = Debug;
		};
		619E7135270D06C9002EB702 /* Release */ = {
			isa = XCBuildConfiguration;
			buildSettings = {
				ASSETCATALOG_COMPILER_APPICON_NAME = AppIcon;
				ASSETCATALOG_COMPILER_GLOBAL_ACCENT_COLOR_NAME = AccentColor;
				CODE_SIGN_STYLE = Automatic;
				CURRENT_PROJECT_VERSION = 1;
				DEVELOPMENT_TEAM = 46LT924HJ5;
				GENERATE_INFOPLIST_FILE = YES;
				INFOPLIST_FILE = "wall-paint/Info.plist";
				INFOPLIST_KEY_UIApplicationSupportsIndirectInputEvents = YES;
				INFOPLIST_KEY_UILaunchStoryboardName = LaunchScreen;
				INFOPLIST_KEY_UISupportedInterfaceOrientations_iPad = "UIInterfaceOrientationPortrait UIInterfaceOrientationPortraitUpsideDown UIInterfaceOrientationLandscapeLeft UIInterfaceOrientationLandscapeRight";
				INFOPLIST_KEY_UISupportedInterfaceOrientations_iPhone = "UIInterfaceOrientationPortrait UIInterfaceOrientationLandscapeLeft UIInterfaceOrientationLandscapeRight";
				LD_RUNPATH_SEARCH_PATHS = (
					"$(inherited)",
					"@executable_path/Frameworks",
				);
				MARKETING_VERSION = 1.0;
				PRODUCT_BUNDLE_IDENTIFIER = "andre.wall-paint";
				PRODUCT_NAME = "$(TARGET_NAME)";
				SWIFT_EMIT_LOC_STRINGS = YES;
				SWIFT_VERSION = 5.0;
				TARGETED_DEVICE_FAMILY = "1,2";
			};
			name = Release;
		};
/* End XCBuildConfiguration section */

/* Begin XCConfigurationList section */
		619E711A270D06C7002EB702 /* Build configuration list for PBXProject "wall-paint" */ = {
			isa = XCConfigurationList;
			buildConfigurations = (
				619E7131270D06C9002EB702 /* Debug */,
				619E7132270D06C9002EB702 /* Release */,
			);
			defaultConfigurationIsVisible = 0;
			defaultConfigurationName = Release;
		};
		619E7133270D06C9002EB702 /* Build configuration list for PBXNativeTarget "wall-paint" */ = {
			isa = XCConfigurationList;
			buildConfigurations = (
				619E7134270D06C9002EB702 /* Debug */,
				619E7135270D06C9002EB702 /* Release */,
			);
			defaultConfigurationIsVisible = 0;
			defaultConfigurationName = Release;
		};
/* End XCConfigurationList section */

/* Begin XCRemoteSwiftPackageReference section */
		619E7149270DD301002EB702 /* XCRemoteSwiftPackageReference "SnapKit" */ = {
			isa = XCRemoteSwiftPackageReference;
			repositoryURL = "https://github.com/SnapKit/SnapKit";
			requirement = {
				kind = upToNextMajorVersion;
				minimumVersion = 5.0.0;
			};
		};
/* End XCRemoteSwiftPackageReference section */

/* Begin XCSwiftPackageProductDependency section */
		619E714A270DD301002EB702 /* SnapKit */ = {
			isa = XCSwiftPackageProductDependency;
			package = 619E7149270DD301002EB702 /* XCRemoteSwiftPackageReference "SnapKit" */;
			productName = SnapKit;
		};
/* End XCSwiftPackageProductDependency section */
	};
	rootObject = 619E7117270D06C7002EB702 /* Project object */;
}
